
Microsoft Visual Studio Solution File, Format Version 12.00
# Visual Studio 14
VisualStudioVersion = 14.0.25420.1
MinimumVisualStudioVersion = 10.0.40219.1
Project("{FAE04EC0-301F-11D3-BF4B-00C04F79EFBC}") = "EasyAgenda.Android", "EasyAgenda\EasyAgenda.Android\EasyAgenda.Android.csproj", "{E47CDCB9-BB72-4EF1-B9CE-62B9D77FE5B4}"
EndProject
Project("{FAE04EC0-301F-11D3-BF4B-00C04F79EFBC}") = "EasyAgenda", "EasyAgenda\EasyAgenda\EasyAgenda.csproj", "{B8485A6D-B27A-4686-A79C-530F8274610C}"
EndProject
Project("{FAE04EC0-301F-11D3-BF4B-00C04F79EFBC}") = "EasyAgenda.UWP", "EasyAgenda\EasyAgenda.UWP\EasyAgenda.UWP.csproj", "{C4FAA6DA-3A93-473A-BC95-3259D377465B}"
EndProject
Project("{FAE04EC0-301F-11D3-BF4B-00C04F79EFBC}") = "EasyAgenda.iOS", "EasyAgenda\EasyAgenda.iOS\EasyAgenda.iOS.csproj", "{E79500DC-94C4-48CF-8052-C8FBF4AD4C43}"
EndProject
Global
	GlobalSection(SolutionConfigurationPlatforms) = preSolution
		Ad-Hoc|Any CPU = Ad-Hoc|Any CPU
		Ad-Hoc|ARM = Ad-Hoc|ARM
		Ad-Hoc|iPhone = Ad-Hoc|iPhone
		Ad-Hoc|iPhoneSimulator = Ad-Hoc|iPhoneSimulator
		Ad-Hoc|x64 = Ad-Hoc|x64
		Ad-Hoc|x86 = Ad-Hoc|x86
		AppStore|Any CPU = AppStore|Any CPU
		AppStore|ARM = AppStore|ARM
		AppStore|iPhone = AppStore|iPhone
		AppStore|iPhoneSimulator = AppStore|iPhoneSimulator
		AppStore|x64 = AppStore|x64
		AppStore|x86 = AppStore|x86
		Debug|Any CPU = Debug|Any CPU
		Debug|ARM = Debug|ARM
		Debug|iPhone = Debug|iPhone
		Debug|iPhoneSimulator = Debug|iPhoneSimulator
		Debug|x64 = Debug|x64
		Debug|x86 = Debug|x86
		Release|Any CPU = Release|Any CPU
		Release|ARM = Release|ARM
		Release|iPhone = Release|iPhone
		Release|iPhoneSimulator = Release|iPhoneSimulator
		Release|x64 = Release|x64
		Release|x86 = Release|x86
	EndGlobalSection
	GlobalSection(ProjectConfigurationPlatforms) = postSolution
		{E47CDCB9-BB72-4EF1-B9CE-62B9D77FE5B4}.Ad-Hoc|Any CPU.ActiveCfg = Release|Any CPU
		{E47CDCB9-BB72-4EF1-B9CE-62B9D77FE5B4}.Ad-Hoc|Any CPU.Build.0 = Release|Any CPU
		{E47CDCB9-BB72-4EF1-B9CE-62B9D77FE5B4}.Ad-Hoc|Any CPU.Deploy.0 = Release|Any CPU
		{E47CDCB9-BB72-4EF1-B9CE-62B9D77FE5B4}.Ad-Hoc|ARM.ActiveCfg = Release|Any CPU
		{E47CDCB9-BB72-4EF1-B9CE-62B9D77FE5B4}.Ad-Hoc|ARM.Build.0 = Release|Any CPU
		{E47CDCB9-BB72-4EF1-B9CE-62B9D77FE5B4}.Ad-Hoc|ARM.Deploy.0 = Release|Any CPU
		{E47CDCB9-BB72-4EF1-B9CE-62B9D77FE5B4}.Ad-Hoc|iPhone.ActiveCfg = Release|Any CPU
		{E47CDCB9-BB72-4EF1-B9CE-62B9D77FE5B4}.Ad-Hoc|iPhone.Build.0 = Release|Any CPU
		{E47CDCB9-BB72-4EF1-B9CE-62B9D77FE5B4}.Ad-Hoc|iPhone.Deploy.0 = Release|Any CPU
		{E47CDCB9-BB72-4EF1-B9CE-62B9D77FE5B4}.Ad-Hoc|iPhoneSimulator.ActiveCfg = Release|Any CPU
		{E47CDCB9-BB72-4EF1-B9CE-62B9D77FE5B4}.Ad-Hoc|iPhoneSimulator.Build.0 = Release|Any CPU
		{E47CDCB9-BB72-4EF1-B9CE-62B9D77FE5B4}.Ad-Hoc|iPhoneSimulator.Deploy.0 = Release|Any CPU
		{E47CDCB9-BB72-4EF1-B9CE-62B9D77FE5B4}.Ad-Hoc|x64.ActiveCfg = Release|Any CPU
		{E47CDCB9-BB72-4EF1-B9CE-62B9D77FE5B4}.Ad-Hoc|x64.Build.0 = Release|Any CPU
		{E47CDCB9-BB72-4EF1-B9CE-62B9D77FE5B4}.Ad-Hoc|x64.Deploy.0 = Release|Any CPU
		{E47CDCB9-BB72-4EF1-B9CE-62B9D77FE5B4}.Ad-Hoc|x86.ActiveCfg = Release|Any CPU
		{E47CDCB9-BB72-4EF1-B9CE-62B9D77FE5B4}.Ad-Hoc|x86.Build.0 = Release|Any CPU
		{E47CDCB9-BB72-4EF1-B9CE-62B9D77FE5B4}.Ad-Hoc|x86.Deploy.0 = Release|Any CPU
		{E47CDCB9-BB72-4EF1-B9CE-62B9D77FE5B4}.AppStore|Any CPU.ActiveCfg = Release|Any CPU
		{E47CDCB9-BB72-4EF1-B9CE-62B9D77FE5B4}.AppStore|Any CPU.Build.0 = Release|Any CPU
		{E47CDCB9-BB72-4EF1-B9CE-62B9D77FE5B4}.AppStore|Any CPU.Deploy.0 = Release|Any CPU
		{E47CDCB9-BB72-4EF1-B9CE-62B9D77FE5B4}.AppStore|ARM.ActiveCfg = Release|Any CPU
		{E47CDCB9-BB72-4EF1-B9CE-62B9D77FE5B4}.AppStore|ARM.Build.0 = Release|Any CPU
		{E47CDCB9-BB72-4EF1-B9CE-62B9D77FE5B4}.AppStore|ARM.Deploy.0 = Release|Any CPU
		{E47CDCB9-BB72-4EF1-B9CE-62B9D77FE5B4}.AppStore|iPhone.ActiveCfg = Release|Any CPU
		{E47CDCB9-BB72-4EF1-B9CE-62B9D77FE5B4}.AppStore|iPhone.Build.0 = Release|Any CPU
		{E47CDCB9-BB72-4EF1-B9CE-62B9D77FE5B4}.AppStore|iPhone.Deploy.0 = Release|Any CPU
		{E47CDCB9-BB72-4EF1-B9CE-62B9D77FE5B4}.AppStore|iPhoneSimulator.ActiveCfg = Release|Any CPU
		{E47CDCB9-BB72-4EF1-B9CE-62B9D77FE5B4}.AppStore|iPhoneSimulator.Build.0 = Release|Any CPU
		{E47CDCB9-BB72-4EF1-B9CE-62B9D77FE5B4}.AppStore|iPhoneSimulator.Deploy.0 = Release|Any CPU
		{E47CDCB9-BB72-4EF1-B9CE-62B9D77FE5B4}.AppStore|x64.ActiveCfg = Release|Any CPU
		{E47CDCB9-BB72-4EF1-B9CE-62B9D77FE5B4}.AppStore|x64.Build.0 = Release|Any CPU
		{E47CDCB9-BB72-4EF1-B9CE-62B9D77FE5B4}.AppStore|x64.Deploy.0 = Release|Any CPU
		{E47CDCB9-BB72-4EF1-B9CE-62B9D77FE5B4}.AppStore|x86.ActiveCfg = Release|Any CPU
		{E47CDCB9-BB72-4EF1-B9CE-62B9D77FE5B4}.AppStore|x86.Build.0 = Release|Any CPU
		{E47CDCB9-BB72-4EF1-B9CE-62B9D77FE5B4}.AppStore|x86.Deploy.0 = Release|Any CPU
		{E47CDCB9-BB72-4EF1-B9CE-62B9D77FE5B4}.Debug|Any CPU.ActiveCfg = Debug|Any CPU
		{E47CDCB9-BB72-4EF1-B9CE-62B9D77FE5B4}.Debug|Any CPU.Build.0 = Debug|Any CPU
		{E47CDCB9-BB72-4EF1-B9CE-62B9D77FE5B4}.Debug|Any CPU.Deploy.0 = Debug|Any CPU
		{E47CDCB9-BB72-4EF1-B9CE-62B9D77FE5B4}.Debug|ARM.ActiveCfg = Debug|Any CPU
		{E47CDCB9-BB72-4EF1-B9CE-62B9D77FE5B4}.Debug|ARM.Build.0 = Debug|Any CPU
		{E47CDCB9-BB72-4EF1-B9CE-62B9D77FE5B4}.Debug|ARM.Deploy.0 = Debug|Any CPU
		{E47CDCB9-BB72-4EF1-B9CE-62B9D77FE5B4}.Debug|iPhone.ActiveCfg = Debug|Any CPU
		{E47CDCB9-BB72-4EF1-B9CE-62B9D77FE5B4}.Debug|iPhone.Build.0 = Debug|Any CPU
		{E47CDCB9-BB72-4EF1-B9CE-62B9D77FE5B4}.Debug|iPhone.Deploy.0 = Debug|Any CPU
		{E47CDCB9-BB72-4EF1-B9CE-62B9D77FE5B4}.Debug|iPhoneSimulator.ActiveCfg = Debug|Any CPU
		{E47CDCB9-BB72-4EF1-B9CE-62B9D77FE5B4}.Debug|iPhoneSimulator.Build.0 = Debug|Any CPU
		{E47CDCB9-BB72-4EF1-B9CE-62B9D77FE5B4}.Debug|iPhoneSimulator.Deploy.0 = Debug|Any CPU
		{E47CDCB9-BB72-4EF1-B9CE-62B9D77FE5B4}.Debug|x64.ActiveCfg = Debug|Any CPU
		{E47CDCB9-BB72-4EF1-B9CE-62B9D77FE5B4}.Debug|x64.Build.0 = Debug|Any CPU
		{E47CDCB9-BB72-4EF1-B9CE-62B9D77FE5B4}.Debug|x64.Deploy.0 = Debug|Any CPU
		{E47CDCB9-BB72-4EF1-B9CE-62B9D77FE5B4}.Debug|x86.ActiveCfg = Debug|Any CPU
		{E47CDCB9-BB72-4EF1-B9CE-62B9D77FE5B4}.Debug|x86.Build.0 = Debug|Any CPU
		{E47CDCB9-BB72-4EF1-B9CE-62B9D77FE5B4}.Debug|x86.Deploy.0 = Debug|Any CPU
		{E47CDCB9-BB72-4EF1-B9CE-62B9D77FE5B4}.Release|Any CPU.ActiveCfg = Release|Any CPU
		{E47CDCB9-BB72-4EF1-B9CE-62B9D77FE5B4}.Release|Any CPU.Build.0 = Release|Any CPU
		{E47CDCB9-BB72-4EF1-B9CE-62B9D77FE5B4}.Release|Any CPU.Deploy.0 = Release|Any CPU
		{E47CDCB9-BB72-4EF1-B9CE-62B9D77FE5B4}.Release|ARM.ActiveCfg = Release|Any CPU
		{E47CDCB9-BB72-4EF1-B9CE-62B9D77FE5B4}.Release|ARM.Build.0 = Release|Any CPU
		{E47CDCB9-BB72-4EF1-B9CE-62B9D77FE5B4}.Release|ARM.Deploy.0 = Release|Any CPU
		{E47CDCB9-BB72-4EF1-B9CE-62B9D77FE5B4}.Release|iPhone.ActiveCfg = Release|Any CPU
		{E47CDCB9-BB72-4EF1-B9CE-62B9D77FE5B4}.Release|iPhone.Build.0 = Release|Any CPU
		{E47CDCB9-BB72-4EF1-B9CE-62B9D77FE5B4}.Release|iPhone.Deploy.0 = Release|Any CPU
		{E47CDCB9-BB72-4EF1-B9CE-62B9D77FE5B4}.Release|iPhoneSimulator.ActiveCfg = Release|Any CPU
		{E47CDCB9-BB72-4EF1-B9CE-62B9D77FE5B4}.Release|iPhoneSimulator.Build.0 = Release|Any CPU
		{E47CDCB9-BB72-4EF1-B9CE-62B9D77FE5B4}.Release|iPhoneSimulator.Deploy.0 = Release|Any CPU
		{E47CDCB9-BB72-4EF1-B9CE-62B9D77FE5B4}.Release|x64.ActiveCfg = Release|Any CPU
		{E47CDCB9-BB72-4EF1-B9CE-62B9D77FE5B4}.Release|x64.Build.0 = Release|Any CPU
		{E47CDCB9-BB72-4EF1-B9CE-62B9D77FE5B4}.Release|x64.Deploy.0 = Release|Any CPU
		{E47CDCB9-BB72-4EF1-B9CE-62B9D77FE5B4}.Release|x86.ActiveCfg = Release|Any CPU
		{E47CDCB9-BB72-4EF1-B9CE-62B9D77FE5B4}.Release|x86.Build.0 = Release|Any CPU
		{E47CDCB9-BB72-4EF1-B9CE-62B9D77FE5B4}.Release|x86.Deploy.0 = Release|Any CPU
		{B8485A6D-B27A-4686-A79C-530F8274610C}.Ad-Hoc|Any CPU.ActiveCfg = Release|Any CPU
		{B8485A6D-B27A-4686-A79C-530F8274610C}.Ad-Hoc|Any CPU.Build.0 = Release|Any CPU
		{B8485A6D-B27A-4686-A79C-530F8274610C}.Ad-Hoc|ARM.ActiveCfg = Release|Any CPU
		{B8485A6D-B27A-4686-A79C-530F8274610C}.Ad-Hoc|ARM.Build.0 = Release|Any CPU
		{B8485A6D-B27A-4686-A79C-530F8274610C}.Ad-Hoc|iPhone.ActiveCfg = Release|Any CPU
		{B8485A6D-B27A-4686-A79C-530F8274610C}.Ad-Hoc|iPhone.Build.0 = Release|Any CPU
		{B8485A6D-B27A-4686-A79C-530F8274610C}.Ad-Hoc|iPhoneSimulator.ActiveCfg = Release|Any CPU
		{B8485A6D-B27A-4686-A79C-530F8274610C}.Ad-Hoc|iPhoneSimulator.Build.0 = Release|Any CPU
		{B8485A6D-B27A-4686-A79C-530F8274610C}.Ad-Hoc|x64.ActiveCfg = Release|Any CPU
		{B8485A6D-B27A-4686-A79C-530F8274610C}.Ad-Hoc|x64.Build.0 = Release|Any CPU
		{B8485A6D-B27A-4686-A79C-530F8274610C}.Ad-Hoc|x86.ActiveCfg = Release|Any CPU
		{B8485A6D-B27A-4686-A79C-530F8274610C}.Ad-Hoc|x86.Build.0 = Release|Any CPU
		{B8485A6D-B27A-4686-A79C-530F8274610C}.AppStore|Any CPU.ActiveCfg = Release|Any CPU
		{B8485A6D-B27A-4686-A79C-530F8274610C}.AppStore|Any CPU.Build.0 = Release|Any CPU
		{B8485A6D-B27A-4686-A79C-530F8274610C}.AppStore|ARM.ActiveCfg = Release|Any CPU
		{B8485A6D-B27A-4686-A79C-530F8274610C}.AppStore|ARM.Build.0 = Release|Any CPU
		{B8485A6D-B27A-4686-A79C-530F8274610C}.AppStore|iPhone.ActiveCfg = Release|Any CPU
		{B8485A6D-B27A-4686-A79C-530F8274610C}.AppStore|iPhone.Build.0 = Release|Any CPU
		{B8485A6D-B27A-4686-A79C-530F8274610C}.AppStore|iPhoneSimulator.ActiveCfg = Release|Any CPU
		{B8485A6D-B27A-4686-A79C-530F8274610C}.AppStore|iPhoneSimulator.Build.0 = Release|Any CPU
		{B8485A6D-B27A-4686-A79C-530F8274610C}.AppStore|x64.ActiveCfg = Release|Any CPU
		{B8485A6D-B27A-4686-A79C-530F8274610C}.AppStore|x64.Build.0 = Release|Any CPU
		{B8485A6D-B27A-4686-A79C-530F8274610C}.AppStore|x86.ActiveCfg = Release|Any CPU
		{B8485A6D-B27A-4686-A79C-530F8274610C}.AppStore|x86.Build.0 = Release|Any CPU
		{B8485A6D-B27A-4686-A79C-530F8274610C}.Debug|Any CPU.ActiveCfg = Debug|Any CPU
		{B8485A6D-B27A-4686-A79C-530F8274610C}.Debug|Any CPU.Build.0 = Debug|Any CPU
		{B8485A6D-B27A-4686-A79C-530F8274610C}.Debug|ARM.ActiveCfg = Debug|Any CPU
		{B8485A6D-B27A-4686-A79C-530F8274610C}.Debug|ARM.Build.0 = Debug|Any CPU
		{B8485A6D-B27A-4686-A79C-530F8274610C}.Debug|iPhone.ActiveCfg = Debug|Any CPU
		{B8485A6D-B27A-4686-A79C-530F8274610C}.Debug|iPhone.Build.0 = Debug|Any CPU
		{B8485A6D-B27A-4686-A79C-530F8274610C}.Debug|iPhoneSimulator.ActiveCfg = Debug|Any CPU
		{B8485A6D-B27A-4686-A79C-530F8274610C}.Debug|iPhoneSimulator.Build.0 = Debug|Any CPU
		{B8485A6D-B27A-4686-A79C-530F8274610C}.Debug|x64.ActiveCfg = Debug|Any CPU
		{B8485A6D-B27A-4686-A79C-530F8274610C}.Debug|x64.Build.0 = Debug|Any CPU
		{B8485A6D-B27A-4686-A79C-530F8274610C}.Debug|x86.ActiveCfg = Debug|Any CPU
		{B8485A6D-B27A-4686-A79C-530F8274610C}.Debug|x86.Build.0 = Debug|Any CPU
		{B8485A6D-B27A-4686-A79C-530F8274610C}.Release|Any CPU.ActiveCfg = Release|Any CPU
		{B8485A6D-B27A-4686-A79C-530F8274610C}.Release|Any CPU.Build.0 = Release|Any CPU
		{B8485A6D-B27A-4686-A79C-530F8274610C}.Release|ARM.ActiveCfg = Release|Any CPU
		{B8485A6D-B27A-4686-A79C-530F8274610C}.Release|ARM.Build.0 = Release|Any CPU
		{B8485A6D-B27A-4686-A79C-530F8274610C}.Release|iPhone.ActiveCfg = Release|Any CPU
		{B8485A6D-B27A-4686-A79C-530F8274610C}.Release|iPhone.Build.0 = Release|Any CPU
		{B8485A6D-B27A-4686-A79C-530F8274610C}.Release|iPhoneSimulator.ActiveCfg = Release|Any CPU
		{B8485A6D-B27A-4686-A79C-530F8274610C}.Release|iPhoneSimulator.Build.0 = Release|Any CPU
		{B8485A6D-B27A-4686-A79C-530F8274610C}.Release|x64.ActiveCfg = Release|Any CPU
		{B8485A6D-B27A-4686-A79C-530F8274610C}.Release|x64.Build.0 = Release|Any CPU
		{B8485A6D-B27A-4686-A79C-530F8274610C}.Release|x86.ActiveCfg = Release|Any CPU
		{B8485A6D-B27A-4686-A79C-530F8274610C}.Release|x86.Build.0 = Release|Any CPU
		{C4FAA6DA-3A93-473A-BC95-3259D377465B}.Ad-Hoc|Any CPU.ActiveCfg = Release|x86
		{C4FAA6DA-3A93-473A-BC95-3259D377465B}.Ad-Hoc|Any CPU.Build.0 = Release|x86
		{C4FAA6DA-3A93-473A-BC95-3259D377465B}.Ad-Hoc|Any CPU.Deploy.0 = Release|x86
		{C4FAA6DA-3A93-473A-BC95-3259D377465B}.Ad-Hoc|ARM.ActiveCfg = Release|ARM
		{C4FAA6DA-3A93-473A-BC95-3259D377465B}.Ad-Hoc|ARM.Build.0 = Release|ARM
		{C4FAA6DA-3A93-473A-BC95-3259D377465B}.Ad-Hoc|ARM.Deploy.0 = Release|ARM
		{C4FAA6DA-3A93-473A-BC95-3259D377465B}.Ad-Hoc|iPhone.ActiveCfg = Release|x86
		{C4FAA6DA-3A93-473A-BC95-3259D377465B}.Ad-Hoc|iPhone.Build.0 = Release|x86
		{C4FAA6DA-3A93-473A-BC95-3259D377465B}.Ad-Hoc|iPhone.Deploy.0 = Release|x86
		{C4FAA6DA-3A93-473A-BC95-3259D377465B}.Ad-Hoc|iPhoneSimulator.ActiveCfg = Release|x86
		{C4FAA6DA-3A93-473A-BC95-3259D377465B}.Ad-Hoc|iPhoneSimulator.Build.0 = Release|x86
		{C4FAA6DA-3A93-473A-BC95-3259D377465B}.Ad-Hoc|iPhoneSimulator.Deploy.0 = Release|x86
		{C4FAA6DA-3A93-473A-BC95-3259D377465B}.Ad-Hoc|x64.ActiveCfg = Release|x64
		{C4FAA6DA-3A93-473A-BC95-3259D377465B}.Ad-Hoc|x64.Build.0 = Release|x64
		{C4FAA6DA-3A93-473A-BC95-3259D377465B}.Ad-Hoc|x64.Deploy.0 = Release|x64
		{C4FAA6DA-3A93-473A-BC95-3259D377465B}.Ad-Hoc|x86.ActiveCfg = Release|x86
		{C4FAA6DA-3A93-473A-BC95-3259D377465B}.Ad-Hoc|x86.Build.0 = Release|x86
		{C4FAA6DA-3A93-473A-BC95-3259D377465B}.Ad-Hoc|x86.Deploy.0 = Release|x86
		{C4FAA6DA-3A93-473A-BC95-3259D377465B}.AppStore|Any CPU.ActiveCfg = Release|x86
		{C4FAA6DA-3A93-473A-BC95-3259D377465B}.AppStore|Any CPU.Build.0 = Release|x86
		{C4FAA6DA-3A93-473A-BC95-3259D377465B}.AppStore|Any CPU.Deploy.0 = Release|x86
		{C4FAA6DA-3A93-473A-BC95-3259D377465B}.AppStore|ARM.ActiveCfg = Release|ARM
		{C4FAA6DA-3A93-473A-BC95-3259D377465B}.AppStore|ARM.Build.0 = Release|ARM
		{C4FAA6DA-3A93-473A-BC95-3259D377465B}.AppStore|ARM.Deploy.0 = Release|ARM
		{C4FAA6DA-3A93-473A-BC95-3259D377465B}.AppStore|iPhone.ActiveCfg = Release|x86
		{C4FAA6DA-3A93-473A-BC95-3259D377465B}.AppStore|iPhone.Build.0 = Release|x86
		{C4FAA6DA-3A93-473A-BC95-3259D377465B}.AppStore|iPhone.Deploy.0 = Release|x86
		{C4FAA6DA-3A93-473A-BC95-3259D377465B}.AppStore|iPhoneSimulator.ActiveCfg = Release|x86
		{C4FAA6DA-3A93-473A-BC95-3259D377465B}.AppStore|iPhoneSimulator.Build.0 = Release|x86
		{C4FAA6DA-3A93-473A-BC95-3259D377465B}.AppStore|iPhoneSimulator.Deploy.0 = Release|x86
		{C4FAA6DA-3A93-473A-BC95-3259D377465B}.AppStore|x64.ActiveCfg = Release|x64
		{C4FAA6DA-3A93-473A-BC95-3259D377465B}.AppStore|x64.Build.0 = Release|x64
		{C4FAA6DA-3A93-473A-BC95-3259D377465B}.AppStore|x64.Deploy.0 = Release|x64
		{C4FAA6DA-3A93-473A-BC95-3259D377465B}.AppStore|x86.ActiveCfg = Release|x86
		{C4FAA6DA-3A93-473A-BC95-3259D377465B}.AppStore|x86.Build.0 = Release|x86
		{C4FAA6DA-3A93-473A-BC95-3259D377465B}.AppStore|x86.Deploy.0 = Release|x86
		{C4FAA6DA-3A93-473A-BC95-3259D377465B}.Debug|Any CPU.ActiveCfg = Debug|x86
		{C4FAA6DA-3A93-473A-BC95-3259D377465B}.Debug|ARM.ActiveCfg = Debug|ARM
		{C4FAA6DA-3A93-473A-BC95-3259D377465B}.Debug|ARM.Build.0 = Debug|ARM
		{C4FAA6DA-3A93-473A-BC95-3259D377465B}.Debug|ARM.Deploy.0 = Debug|ARM
		{C4FAA6DA-3A93-473A-BC95-3259D377465B}.Debug|iPhone.ActiveCfg = Debug|x86
		{C4FAA6DA-3A93-473A-BC95-3259D377465B}.Debug|iPhoneSimulator.ActiveCfg = Debug|x86
		{C4FAA6DA-3A93-473A-BC95-3259D377465B}.Debug|x64.ActiveCfg = Debug|x64
		{C4FAA6DA-3A93-473A-BC95-3259D377465B}.Debug|x64.Build.0 = Debug|x64
		{C4FAA6DA-3A93-473A-BC95-3259D377465B}.Debug|x64.Deploy.0 = Debug|x64
		{C4FAA6DA-3A93-473A-BC95-3259D377465B}.Debug|x86.ActiveCfg = Debug|x86
		{C4FAA6DA-3A93-473A-BC95-3259D377465B}.Debug|x86.Build.0 = Debug|x86
		{C4FAA6DA-3A93-473A-BC95-3259D377465B}.Debug|x86.Deploy.0 = Debug|x86
		{C4FAA6DA-3A93-473A-BC95-3259D377465B}.Release|Any CPU.ActiveCfg = Release|x86
		{C4FAA6DA-3A93-473A-BC95-3259D377465B}.Release|ARM.ActiveCfg = Release|ARM
		{C4FAA6DA-3A93-473A-BC95-3259D377465B}.Release|ARM.Build.0 = Release|ARM
		{C4FAA6DA-3A93-473A-BC95-3259D377465B}.Release|ARM.Deploy.0 = Release|ARM
		{C4FAA6DA-3A93-473A-BC95-3259D377465B}.Release|iPhone.ActiveCfg = Release|x86
		{C4FAA6DA-3A93-473A-BC95-3259D377465B}.Release|iPhoneSimulator.ActiveCfg = Release|x86
		{C4FAA6DA-3A93-473A-BC95-3259D377465B}.Release|x64.ActiveCfg = Release|x64
		{C4FAA6DA-3A93-473A-BC95-3259D377465B}.Release|x64.Build.0 = Release|x64
		{C4FAA6DA-3A93-473A-BC95-3259D377465B}.Release|x64.Deploy.0 = Release|x64
		{C4FAA6DA-3A93-473A-BC95-3259D377465B}.Release|x86.ActiveCfg = Release|x86
		{C4FAA6DA-3A93-473A-BC95-3259D377465B}.Release|x86.Build.0 = Release|x86
		{C4FAA6DA-3A93-473A-BC95-3259D377465B}.Release|x86.Deploy.0 = Release|x86
		{E79500DC-94C4-48CF-8052-C8FBF4AD4C43}.Ad-Hoc|Any CPU.ActiveCfg = Ad-Hoc|iPhone
		{E79500DC-94C4-48CF-8052-C8FBF4AD4C43}.Ad-Hoc|ARM.ActiveCfg = Ad-Hoc|iPhone
		{E79500DC-94C4-48CF-8052-C8FBF4AD4C43}.Ad-Hoc|iPhone.ActiveCfg = Ad-Hoc|iPhone
		{E79500DC-94C4-48CF-8052-C8FBF4AD4C43}.Ad-Hoc|iPhone.Build.0 = Ad-Hoc|iPhone
		{E79500DC-94C4-48CF-8052-C8FBF4AD4C43}.Ad-Hoc|iPhoneSimulator.ActiveCfg = Ad-Hoc|iPhoneSimulator
		{E79500DC-94C4-48CF-8052-C8FBF4AD4C43}.Ad-Hoc|iPhoneSimulator.Build.0 = Ad-Hoc|iPhoneSimulator
		{E79500DC-94C4-48CF-8052-C8FBF4AD4C43}.Ad-Hoc|x64.ActiveCfg = Ad-Hoc|iPhone
		{E79500DC-94C4-48CF-8052-C8FBF4AD4C43}.Ad-Hoc|x86.ActiveCfg = Ad-Hoc|iPhone
		{E79500DC-94C4-48CF-8052-C8FBF4AD4C43}.AppStore|Any CPU.ActiveCfg = AppStore|iPhone
		{E79500DC-94C4-48CF-8052-C8FBF4AD4C43}.AppStore|ARM.ActiveCfg = AppStore|iPhone
		{E79500DC-94C4-48CF-8052-C8FBF4AD4C43}.AppStore|iPhone.ActiveCfg = AppStore|iPhone
		{E79500DC-94C4-48CF-8052-C8FBF4AD4C43}.AppStore|iPhone.Build.0 = AppStore|iPhone
		{E79500DC-94C4-48CF-8052-C8FBF4AD4C43}.AppStore|iPhoneSimulator.ActiveCfg = AppStore|iPhoneSimulator
		{E79500DC-94C4-48CF-8052-C8FBF4AD4C43}.AppStore|iPhoneSimulator.Build.0 = AppStore|iPhoneSimulator
		{E79500DC-94C4-48CF-8052-C8FBF4AD4C43}.AppStore|x64.ActiveCfg = AppStore|iPhone
		{E79500DC-94C4-48CF-8052-C8FBF4AD4C43}.AppStore|x86.ActiveCfg = AppStore|iPhone
		{E79500DC-94C4-48CF-8052-C8FBF4AD4C43}.Debug|Any CPU.ActiveCfg = Debug|iPhone
		{E79500DC-94C4-48CF-8052-C8FBF4AD4C43}.Debug|ARM.ActiveCfg = Debug|iPhone
		{E79500DC-94C4-48CF-8052-C8FBF4AD4C43}.Debug|iPhone.ActiveCfg = Debug|iPhone
		{E79500DC-94C4-48CF-8052-C8FBF4AD4C43}.Debug|iPhone.Build.0 = Debug|iPhone
		{E79500DC-94C4-48CF-8052-C8FBF4AD4C43}.Debug|iPhoneSimulator.ActiveCfg = Debug|iPhoneSimulator
		{E79500DC-94C4-48CF-8052-C8FBF4AD4C43}.Debug|iPhoneSimulator.Build.0 = Debug|iPhoneSimulator
		{E79500DC-94C4-48CF-8052-C8FBF4AD4C43}.Debug|x64.ActiveCfg = Debug|iPhone
		{E79500DC-94C4-48CF-8052-C8FBF4AD4C43}.Debug|x86.ActiveCfg = Debug|iPhone
		{E79500DC-94C4-48CF-8052-C8FBF4AD4C43}.Release|Any CPU.ActiveCfg = Release|iPhone
		{E79500DC-94C4-48CF-8052-C8FBF4AD4C43}.Release|ARM.ActiveCfg = Release|iPhone
		{E79500DC-94C4-48CF-8052-C8FBF4AD4C43}.Release|iPhone.ActiveCfg = Release|iPhone
		{E79500DC-94C4-48CF-8052-C8FBF4AD4C43}.Release|iPhone.Build.0 = Release|iPhone
		{E79500DC-94C4-48CF-8052-C8FBF4AD4C43}.Release|iPhoneSimulator.ActiveCfg = Release|iPhoneSimulator
		{E79500DC-94C4-48CF-8052-C8FBF4AD4C43}.Release|iPhoneSimulator.Build.0 = Release|iPhoneSimulator
		{E79500DC-94C4-48CF-8052-C8FBF4AD4C43}.Release|x64.ActiveCfg = Release|iPhone
		{E79500DC-94C4-48CF-8052-C8FBF4AD4C43}.Release|x86.ActiveCfg = Release|iPhone
	EndGlobalSection
	GlobalSection(SolutionProperties) = preSolution
		HideSolutionNode = FALSE
	EndGlobalSection
EndGlobal
